
Microsoft Visual Studio Solution File, Format Version 12.00
# Visual Studio 15
VisualStudioVersion = 15.0.28307.168
MinimumVisualStudioVersion = 10.0.40219.1
Project("{FAE04EC0-301F-11D3-BF4B-00C04F79EFBC}") = "Iteration-Statements", "Iteration-Statements\Iteration-Statements.csproj", "{DAEAD4D5-C295-43FB-A361-BA1FF9C1880B}"
EndProject
Global
	GlobalSection(SolutionConfigurationPlatforms) = preSolution
		Debug|Any CPU = Debug|Any CPU
		Release|Any CPU = Release|Any CPU
	EndGlobalSection
	GlobalSection(ProjectConfigurationPlatforms) = postSolution
		{DAEAD4D5-C295-43FB-A361-BA1FF9C1880B}.Debug|Any CPU.ActiveCfg = Debug|Any CPU
		{DAEAD4D5-C295-43FB-A361-BA1FF9C1880B}.Debug|Any CPU.Build.0 = Debug|Any CPU
		{DAEAD4D5-C295-43FB-A361-BA1FF9C1880B}.Release|Any CPU.ActiveCfg = Release|Any CPU
		{DAEAD4D5-C295-43FB-A361-BA1FF9C1880B}.Release|Any CPU.Build.0 = Release|Any CPU
	EndGlobalSection
	GlobalSection(SolutionProperties) = preSolution
		HideSolutionNode = FALSE
	EndGlobalSection
	GlobalSection(ExtensibilityGlobals) = postSolution
		SolutionGuid = {E0D275EB-60C8-46B2-BCBD-AE623F9F8F45}
	EndGlobalSection
EndGlobal
